
Microsoft Visual Studio Solution File, Format Version 12.00
# Visual Studio 2013
VisualStudioVersion = 12.0.21005.1
MinimumVisualStudioVersion = 10.0.40219.1
Project("{8BC9CEB8-8B4A-11D0-8D11-00A0C91BC942}") = "MultiThread", "MultiThread\MultiThread.vcxproj", "{2C1F3CF1-F50D-498C-820B-3FE6BD1E05F4}"
EndProject
Project("{8BC9CEB8-8B4A-11D0-8D11-00A0C91BC942}") = "MultiThreadSync", "MultiThreadSync\MultiThreadSync.vcxproj", "{449C6432-1927-4CB6-A3F0-1699EE97039C}"
EndProject
Project("{8BC9CEB8-8B4A-11D0-8D11-00A0C91BC942}") = "MergeSort", "MergeSort\MergeSort.vcxproj", "{BFD0B914-7617-4FC2-BFA1-233812E0559D}"
EndProject
Global
	GlobalSection(SolutionConfigurationPlatforms) = preSolution
		Debug|Win32 = Debug|Win32
		Release|Win32 = Release|Win32
	EndGlobalSection
	GlobalSection(ProjectConfigurationPlatforms) = postSolution
		{2C1F3CF1-F50D-498C-820B-3FE6BD1E05F4}.Debug|Win32.ActiveCfg = Debug|Win32
		{2C1F3CF1-F50D-498C-820B-3FE6BD1E05F4}.Debug|Win32.Build.0 = Debug|Win32
		{2C1F3CF1-F50D-498C-820B-3FE6BD1E05F4}.Release|Win32.ActiveCfg = Release|Win32
		{2C1F3CF1-F50D-498C-820B-3FE6BD1E05F4}.Release|Win32.Build.0 = Release|Win32
		{449C6432-1927-4CB6-A3F0-1699EE97039C}.Debug|Win32.ActiveCfg = Debug|Win32
		{449C6432-1927-4CB6-A3F0-1699EE97039C}.Debug|Win32.Build.0 = Debug|Win32
		{449C6432-1927-4CB6-A3F0-1699EE97039C}.Release|Win32.ActiveCfg = Release|Win32
		{449C6432-1927-4CB6-A3F0-1699EE97039C}.Release|Win32.Build.0 = Release|Win32
		{BFD0B914-7617-4FC2-BFA1-233812E0559D}.Debug|Win32.ActiveCfg = Debug|Win32
		{BFD0B914-7617-4FC2-BFA1-233812E0559D}.Debug|Win32.Build.0 = Debug|Win32
		{BFD0B914-7617-4FC2-BFA1-233812E0559D}.Release|Win32.ActiveCfg = Release|Win32
		{BFD0B914-7617-4FC2-BFA1-233812E0559D}.Release|Win32.Build.0 = Release|Win32
	EndGlobalSection
	GlobalSection(SolutionProperties) = preSolution
		HideSolutionNode = FALSE
	EndGlobalSection
EndGlobal
