<?xml version="1.0" encoding="utf-8"?>
<Project ToolsVersion="4.0" xmlns="http://schemas.microsoft.com/developer/msbuild/2003">
  <ItemGroup>
    <Filter Include="Source Files">
      <UniqueIdentifier>{4FC737F1-C7A5-4376-A066-2A32D752A2FF}</UniqueIdentifier>
      <Extensions>cpp;c;cc;cxx;def;odl;idl;hpj;bat;asm;asmx</Extensions>
    </Filter>
    <Filter Include="Header Files">
      <UniqueIdentifier>{93995380-89BD-4b04-88EB-625FBE52EBFB}</UniqueIdentifier>
      <Extensions>h;hpp;hxx;hm;inl;inc;xsd</Extensions>
    </Filter>
    <Filter Include="Resource Files">
      <UniqueIdentifier>{67DA6AB6-F800-4c08-8B7A-83BB121AAD01}</UniqueIdentifier>
      <Extensions>rc;ico;cur;bmp;dlg;rc2;rct;bin;rgs;gif;jpg;jpeg;jpe;resx;tiff;tif;png;wav;mfcribbon-ms</Extensions>
    </Filter>
  </ItemGroup>
  <ItemGroup>
    <None Include="ReadMe.txt" />
    <None Include="res\LIXINGYANG.rc2">
      <Filter>Resource Files</Filter>
    </None>
    <None Include="res\LIXINGYANGDoc.ico">
      <Filter>Resource Files</Filter>
    </None>
    <None Include="res\LIXINGYANG.ico">
      <Filter>Resource Files</Filter>
    </None>
    <None Include="res\Toolbar.bmp">
      <Filter>Resource Files</Filter>
    </None>
    <None Include="res\bitmap1.bmp">
      <Filter>Resource Files</Filter>
    </None>
    <None Include="res\red2.bmp">
      <Filter>Resource Files</Filter>
    </None>
    <None Include="res\red3.bmp">
      <Filter>Resource Files</Filter>
    </None>
    <None Include="res\green2.bmp">
      <Filter>Resource Files</Filter>
    </None>
    <None Include="res\green3.bmp">
      <Filter>Resource Files</Filter>
    </None>
    <None Include="res\blue2.bmp">
      <Filter>Resource Files</Filter>
    </None>
  </ItemGroup>
  <ItemGroup>
    <ClInclude Include="LIXINGYANG.h">
      <Filter>Header Files</Filter>
    </ClInclude>
    <ClInclude Include="stdafx.h">
      <Filter>Header Files</Filter>
    </ClInclude>
    <ClInclude Include="targetver.h">
      <Filter>Header Files</Filter>
    </ClInclude>
    <ClInclude Include="MainFrm.h">
      <Filter>Header Files</Filter>
    </ClInclude>
    <ClInclude Include="LIXINGYANGDoc.h">
      <Filter>Header Files</Filter>
    </ClInclude>
    <ClInclude Include="LIXINGYANGView.h">
      <Filter>Header Files</Filter>
    </ClInclude>
    <ClInclude Include="Resource.h">
      <Filter>Header Files</Filter>
    </ClInclude>
    <ClInclude Include="MySelectColorDlg.h">
      <Filter>Header Files</Filter>
    </ClInclude>
    <ClInclude Include="MySumDlg.h">
      <Filter>Header Files</Filter>
    </ClInclude>
    <ClInclude Include="PageSelectColor.h">
      <Filter>Header Files</Filter>
    </ClInclude>
    <ClInclude Include="PageAdd2Num.h">
      <Filter>Header Files</Filter>
    </ClInclude>
    <ClInclude Include="PagePersonal.h">
      <Filter>Header Files</Filter>
    </ClInclude>
    <ClInclude Include="InterestPage.h">
      <Filter>Header Files</Filter>
    </ClInclude>
    <ClInclude Include="JobPage.h">
      <Filter>Header Files</Filter>
    </ClInclude>
    <ClInclude Include="PageCtlColor.h">
      <Filter>Header Files</Filter>
    </ClInclude>
  </ItemGroup>
  <ItemGroup>
    <ClCompile Include="LIXINGYANG.cpp">
      <Filter>Source Files</Filter>
    </ClCompile>
    <ClCompile Include="stdafx.cpp">
      <Filter>Source Files</Filter>
    </ClCompile>
    <ClCompile Include="MainFrm.cpp">
      <Filter>Source Files</Filter>
    </ClCompile>
    <ClCompile Include="LIXINGYANGDoc.cpp">
      <Filter>Source Files</Filter>
    </ClCompile>
    <ClCompile Include="LIXINGYANGView.cpp">
      <Filter>Source Files</Filter>
    </ClCompile>
    <ClCompile Include="MySelectColorDlg.cpp">
      <Filter>Source Files</Filter>
    </ClCompile>
    <ClCompile Include="MySumDlg.cpp">
      <Filter>Source Files</Filter>
    </ClCompile>
    <ClCompile Include="PageSelectColor.cpp">
      <Filter>Source Files</Filter>
    </ClCompile>
    <ClCompile Include="PageAdd2Num.cpp">
      <Filter>Source Files</Filter>
    </ClCompile>
    <ClCompile Include="PagePersonal.cpp">
      <Filter>Source Files</Filter>
    </ClCompile>
    <ClCompile Include="InterestPage.cpp">
      <Filter>Source Files</Filter>
    </ClCompile>
    <ClCompile Include="JobPage.cpp">
      <Filter>Source Files</Filter>
    </ClCompile>
    <ClCompile Include="PageCtlColor.cpp">
      <Filter>Source Files</Filter>
    </ClCompile>
  </ItemGroup>
  <ItemGroup>
    <ResourceCompile Include="LIXINGYANG.rc">
      <Filter>Resource Files</Filter>
    </ResourceCompile>
  </ItemGroup>
</Project>