
Microsoft Visual Studio Solution File, Format Version 12.00
# Visual Studio 2013
VisualStudioVersion = 12.0.21005.1
MinimumVisualStudioVersion = 10.0.40219.1
Project("{8BC9CEB8-8B4A-11D0-8D11-00A0C91BC942}") = "MyLIXINGYANGDLL", "MyLIXINGYANGDLL\MyLIXINGYANGDLL.vcxproj", "{CEBB0300-D7CF-4A80-AC10-31D3C206EDC4}"
EndProject
Project("{8BC9CEB8-8B4A-11D0-8D11-00A0C91BC942}") = "MyLIXINGYANGFactorial", "MyLIXINGYANGFactorial\MyLIXINGYANGFactorial.vcxproj", "{51A28B09-4147-4D48-9A6F-02FC7EBB78B6}"
EndProject
Global
	GlobalSection(SolutionConfigurationPlatforms) = preSolution
		Debug|Win32 = Debug|Win32
		Release|Win32 = Release|Win32
	EndGlobalSection
	GlobalSection(ProjectConfigurationPlatforms) = postSolution
		{CEBB0300-D7CF-4A80-AC10-31D3C206EDC4}.Debug|Win32.ActiveCfg = Debug|Win32
		{CEBB0300-D7CF-4A80-AC10-31D3C206EDC4}.Debug|Win32.Build.0 = Debug|Win32
		{CEBB0300-D7CF-4A80-AC10-31D3C206EDC4}.Release|Win32.ActiveCfg = Release|Win32
		{CEBB0300-D7CF-4A80-AC10-31D3C206EDC4}.Release|Win32.Build.0 = Release|Win32
		{51A28B09-4147-4D48-9A6F-02FC7EBB78B6}.Debug|Win32.ActiveCfg = Debug|Win32
		{51A28B09-4147-4D48-9A6F-02FC7EBB78B6}.Debug|Win32.Build.0 = Debug|Win32
		{51A28B09-4147-4D48-9A6F-02FC7EBB78B6}.Release|Win32.ActiveCfg = Release|Win32
		{51A28B09-4147-4D48-9A6F-02FC7EBB78B6}.Release|Win32.Build.0 = Release|Win32
	EndGlobalSection
	GlobalSection(SolutionProperties) = preSolution
		HideSolutionNode = FALSE
	EndGlobalSection
EndGlobal
