
Microsoft Visual Studio Solution File, Format Version 12.00
# Visual Studio 2013
VisualStudioVersion = 12.0.21005.1
MinimumVisualStudioVersion = 10.0.40219.1
Project("{8BC9CEB8-8B4A-11D0-8D11-00A0C91BC942}") = "NetLIXINGYANGChat", "NetLIXINGYANGChat\NetLIXINGYANGChat.vcxproj", "{CDE44F85-CC65-44D5-A626-6EA55AB2976E}"
EndProject
Project("{8BC9CEB8-8B4A-11D0-8D11-00A0C91BC942}") = "NetLIXINGYANGChatClient", "..\NetLIXINGYANGChatClient\NetLIXINGYANGChat\NetLIXINGYANGChatClient.vcxproj", "{FDAB4C3C-4595-431C-83F1-4B6827996B7A}"
EndProject
Global
	GlobalSection(SolutionConfigurationPlatforms) = preSolution
		Debug|Win32 = Debug|Win32
		Release|Win32 = Release|Win32
	EndGlobalSection
	GlobalSection(ProjectConfigurationPlatforms) = postSolution
		{CDE44F85-CC65-44D5-A626-6EA55AB2976E}.Debug|Win32.ActiveCfg = Debug|Win32
		{CDE44F85-CC65-44D5-A626-6EA55AB2976E}.Debug|Win32.Build.0 = Debug|Win32
		{CDE44F85-CC65-44D5-A626-6EA55AB2976E}.Release|Win32.ActiveCfg = Release|Win32
		{CDE44F85-CC65-44D5-A626-6EA55AB2976E}.Release|Win32.Build.0 = Release|Win32
		{FDAB4C3C-4595-431C-83F1-4B6827996B7A}.Debug|Win32.ActiveCfg = Debug|Win32
		{FDAB4C3C-4595-431C-83F1-4B6827996B7A}.Debug|Win32.Build.0 = Debug|Win32
		{FDAB4C3C-4595-431C-83F1-4B6827996B7A}.Release|Win32.ActiveCfg = Release|Win32
		{FDAB4C3C-4595-431C-83F1-4B6827996B7A}.Release|Win32.Build.0 = Release|Win32
	EndGlobalSection
	GlobalSection(SolutionProperties) = preSolution
		HideSolutionNode = FALSE
	EndGlobalSection
EndGlobal
