
Microsoft Visual Studio Solution File, Format Version 12.00
# Visual Studio 2012
Project("{8BC9CEB8-8B4A-11D0-8D11-00A0C91BC942}") = "MyDrawLine", "MyDrawLine\MyDrawLine.vcxproj", "{AB50AB3D-645D-4106-8238-62345010A117}"
EndProject
Global
	GlobalSection(SolutionConfigurationPlatforms) = preSolution
		Debug|Win32 = Debug|Win32
		Release|Win32 = Release|Win32
	EndGlobalSection
	GlobalSection(ProjectConfigurationPlatforms) = postSolution
		{AB50AB3D-645D-4106-8238-62345010A117}.Debug|Win32.ActiveCfg = Debug|Win32
		{AB50AB3D-645D-4106-8238-62345010A117}.Debug|Win32.Build.0 = Debug|Win32
		{AB50AB3D-645D-4106-8238-62345010A117}.Release|Win32.ActiveCfg = Release|Win32
		{AB50AB3D-645D-4106-8238-62345010A117}.Release|Win32.Build.0 = Release|Win32
	EndGlobalSection
	GlobalSection(SolutionProperties) = preSolution
		HideSolutionNode = FALSE
	EndGlobalSection
EndGlobal
